// !$*UTF8*$!
{
	archiveVersion = 1;
	classes = {
	};
	objectVersion = 77;
	objects = {

/* Begin PBXBuildFile section */
		D0530E002FB773FF00121DBD /* FirebaseCore in Frameworks */ = {isa = PBXBuildFile; productRef = D0530DFF2FB773FF00121DBD /* FirebaseCore */; };
		D0530E022FB774A400121DBD /* FirebaseAuth in Frameworks */ = {isa = PBXBuildFile; productRef = D0530E012FB774A400121DBD /* FirebaseAuth */; };
		D0530E042FB774A400121DBD /* FirebaseFirestore in Frameworks */ = {isa = PBXBuildFile; productRef = D0530E032FB774A400121DBD /* FirebaseFirestore */; };
		D0A2883B2FB8B58500A0519E /* GoogleSignIn in Frameworks */ = {isa = PBXBuildFile; productRef = D0A2883A2FB8B58500A0519E /* GoogleSignIn */; };
/* End PBXBuildFile section */

/* Begin PBXContainerItemProxy section */
		D0530DDB2FB7704B00121DBD /* PBXContainerItemProxy */ = {
			isa = PBXContainerItemProxy;
			containerPortal = D0530DC52FB7704900121DBD /* Project object */;
			proxyType = 1;
			remoteGlobalIDString = D0530DCC2FB7704900121DBD;
			remoteInfo = hobbymatch;
		};
		D0530DE52FB7704B00121DBD /* PBXContainerItemProxy */ = {
			isa = PBXContainerItemProxy;
			containerPortal = D0530DC52FB7704900121DBD /* Project object */;
			proxyType = 1;
			remoteGlobalIDString = D0530DCC2FB7704900121DBD;
			remoteInfo = hobbymatch;
		};
/* End PBXContainerItemProxy section */

/* Begin PBXFileReference section */
		D0530DCD2FB7704900121DBD /* Hobbymatch.app */ = {isa = PBXFileReference; explicitFileType = wrapper.application; includeInIndex = 0; path = Hobbymatch.app; sourceTree = BUILT_PRODUCTS_DIR; };
		D0530DDA2FB7704B00121DBD /* HobbymatchTests.xctest */ = {isa = PBXFileReference; explicitFileType = wrapper.cfbundle; includeInIndex = 0; path = HobbymatchTests.xctest; sourceTree = BUILT_PRODUCTS_DIR; };
		D0530DE42FB7704B00121DBD /* HobbymatchUITests.xctest */ = {isa = PBXFileReference; explicitFileType = wrapper.cfbundle; includeInIndex = 0; path = HobbymatchUITests.xctest; sourceTree = BUILT_PRODUCTS_DIR; };
/* End PBXFileReference section */

/* Begin PBXFileSystemSynchronizedBuildFileExceptionSet section */
		D0A2883D2FB8B5C400A0519E /* Exceptions for "Hobbymatch" folder in "Hobbymatch" target */ = {
			isa = PBXFileSystemSynchronizedBuildFileExceptionSet;
			membershipExceptions = (
				Info.plist,
			);
			target = D0530DCC2FB7704900121DBD /* Hobbymatch */;
		};
/* End PBXFileSystemSynchronizedBuildFileExceptionSet section */

/* Begin PBXFileSystemSynchronizedRootGroup section */
		D0530DCF2FB7704900121DBD /* Hobbymatch */ = {
			isa = PBXFileSystemSynchronizedRootGroup;
			exceptions = (
				D0A2883D2FB8B5C400A0519E /* Exceptions for "Hobbymatch" folder in "Hobbymatch" target */,
			);
			path = Hobbymatch;
			sourceTree = "<group>";
		};
		D0530DDD2FB7704B00121DBD /* HobbymatchTests */ = {
			isa = PBXFileSystemSynchronizedRootGroup;
			path = HobbymatchTests;
			sourceTree = "<group>";
		};
		D0530DE72FB7704B00121DBD /* HobbymatchUITests */ = {
			isa = PBXFileSystemSynchronizedRootGroup;
			path = HobbymatchUITests;
			sourceTree = "<group>";
		};
/* End PBXFileSystemSynchronizedRootGroup section */

/* Begin PBXFrameworksBuildPhase section */
		D0530DCA2FB7704900121DBD /* Frameworks */ = {
			isa = PBXFrameworksBuildPhase;
			buildActionMask = 2147483647;
			files = (
				D0530E002FB773FF00121DBD /* FirebaseCore in Frameworks */,
				D0A2883B2FB8B58500A0519E /* GoogleSignIn in Frameworks */,
				D0530E022FB774A400121DBD /* FirebaseAuth in Frameworks */,
				D0530E042FB774A400121DBD /* FirebaseFirestore in Frameworks */,
			);
			runOnlyForDeploymentPostprocessing = 0;
		};
		D0530DD72FB7704B00121DBD /* Frameworks */ = {
			isa = PBXFrameworksBuildPhase;
			buildActionMask = 2147483647;
			files = (
			);
			runOnlyForDeploymentPostprocessing = 0;
		};
		D0530DE12FB7704B00121DBD /* Frameworks */ = {
			isa = PBXFrameworksBuildPhase;
			buildActionMask = 2147483647;
			files = (
			);
			runOnlyForDeploymentPostprocessing = 0;
		};
/* End PBXFrameworksBuildPhase section */

/* Begin PBXGroup section */
		D0530DC42FB7704900121DBD = {
			isa = PBXGroup;
			children = (
				D0530DCF2FB7704900121DBD /* Hobbymatch */,
				D0530DDD2FB7704B00121DBD /* HobbymatchTests */,
				D0530DE72FB7704B00121DBD /* HobbymatchUITests */,
				D0530DFE2FB773FF00121DBD /* Frameworks */,
				D0530DCE2FB7704900121DBD /* Products */,
			);
			sourceTree = "<group>";
		};
		D0530DCE2FB7704900121DBD /* Products */ = {
			isa = PBXGroup;
			children = (
				D0530DCD2FB7704900121DBD /* Hobbymatch.app */,
				D0530DDA2FB7704B00121DBD /* HobbymatchTests.xctest */,
				D0530DE42FB7704B00121DBD /* HobbymatchUITests.xctest */,
			);
			name = Products;
			sourceTree = "<group>";
		};
		D0530DFE2FB773FF00121DBD /* Frameworks */ = {
			isa = PBXGroup;
			children = (
			);
			name = Frameworks;
			sourceTree = "<group>";
		};
/* End PBXGroup section */

/* Begin PBXNativeTarget section */
		D0530DCC2FB7704900121DBD /* Hobbymatch */ = {
			isa = PBXNativeTarget;
			buildConfigurationList = D0530DEE2FB7704B00121DBD /* Build configuration list for PBXNativeTarget "Hobbymatch" */;
			buildPhases = (
				D0530DC92FB7704900121DBD /* Sources */,
				D0530DCA2FB7704900121DBD /* Frameworks */,
				D0530DCB2FB7704900121DBD /* Resources */,
			);
			buildRules = (
			);
			dependencies = (
			);
			fileSystemSynchronizedGroups = (
				D0530DCF2FB7704900121DBD /* Hobbymatch */,
			);
			name = Hobbymatch;
			packageProductDependencies = (
				D0530DFF2FB773FF00121DBD /* FirebaseCore */,
				D0530E012FB774A400121DBD /* FirebaseAuth */,
				D0530E032FB774A400121DBD /* FirebaseFirestore */,
				D0A2883A2FB8B58500A0519E /* GoogleSignIn */,
			);
			productName = hobbymatch;
			productReference = D0530DCD2FB7704900121DBD /* Hobbymatch.app */;
			productType = "com.apple.product-type.application";
		};
		D0530DD92FB7704B00121DBD /* HobbymatchTests */ = {
			isa = PBXNativeTarget;
			buildConfigurationList = D0530DF12FB7704B00121DBD /* Build configuration list for PBXNativeTarget "HobbymatchTests" */;
			buildPhases = (
				D0530DD62FB7704B00121DBD /* Sources */,
				D0530DD72FB7704B00121DBD /* Frameworks */,
				D0530DD82FB7704B00121DBD /* Resources */,
			);
			buildRules = (
			);
			dependencies = (
				D0530DDC2FB7704B00121DBD /* PBXTargetDependency */,
			);
			fileSystemSynchronizedGroups = (
				D0530DDD2FB7704B00121DBD /* HobbymatchTests */,
			);
			name = HobbymatchTests;
			packageProductDependencies = (
			);
			productName = hobbymatchTests;
			productReference = D0530DDA2FB7704B00121DBD /* HobbymatchTests.xctest */;
			productType = "com.apple.product-type.bundle.unit-test";
		};
		D0530DE32FB7704B00121DBD /* HobbymatchUITests */ = {
			isa = PBXNativeTarget;
			buildConfigurationList = D0530DF42FB7704B00121DBD /* Build configuration list for PBXNativeTarget "HobbymatchUITests" */;
			buildPhases = (
				D0530DE02FB7704B00121DBD /* Sources */,
				D0530DE12FB7704B00121DBD /* Frameworks */,
				D0530DE22FB7704B00121DBD /* Resources */,
			);
			buildRules = (
			);
			dependencies = (
				D0530DE62FB7704B00121DBD /* PBXTargetDependency */,
			);
			fileSystemSynchronizedGroups = (
				D0530DE72FB7704B00121DBD /* HobbymatchUITests */,
			);
			name = HobbymatchUITests;
			packageProductDependencies = (
			);
			productName = hobbymatchUITests;
			productReference = D0530DE42FB7704B00121DBD /* HobbymatchUITests.xctest */;
			productType = "com.apple.product-type.bundle.ui-testing";
		};
/* End PBXNativeTarget section */

/* Begin PBXProject section */
		D0530DC52FB7704900121DBD /* Project object */ = {
			isa = PBXProject;
			attributes = {
				BuildIndependentTargetsInParallel = 1;
				LastSwiftUpdateCheck = 2640;
				LastUpgradeCheck = 2640;
				TargetAttributes = {
					D0530DCC2FB7704900121DBD = {
						CreatedOnToolsVersion = 26.4.1;
					};
					D0530DD92FB7704B00121DBD = {
						CreatedOnToolsVersion = 26.4.1;
						TestTargetID = D0530DCC2FB7704900121DBD;
					};
					D0530DE32FB7704B00121DBD = {
						CreatedOnToolsVersion = 26.4.1;
						TestTargetID = D0530DCC2FB7704900121DBD;
					};
				};
			};
			buildConfigurationList = D0530DC82FB7704900121DBD /* Build configuration list for PBXProject "Hobbymatch" */;
			developmentRegion = en;
			hasScannedForEncodings = 0;
			knownRegions = (
				en,
				Base,
			);
			mainGroup = D0530DC42FB7704900121DBD;
			minimizedProjectReferenceProxies = 1;
			packageReferences = (
				D0530DF92FB7716C00121DBD /* XCRemoteSwiftPackageReference "firebase-ios-sdk" */,
				D0A288392FB8B57400A0519E /* XCRemoteSwiftPackageReference "GoogleSignIn-iOS" */,
			);
			preferredProjectObjectVersion = 77;
			productRefGroup = D0530DCE2FB7704900121DBD /* Products */;
			projectDirPath = "";
			projectRoot = "";
			targets = (
				D0530DCC2FB7704900121DBD /* Hobbymatch */,
				D0530DD92FB7704B00121DBD /* HobbymatchTests */,
				D0530DE32FB7704B00121DBD /* HobbymatchUITests */,
			);
		};
/* End PBXProject section */

/* Begin PBXResourcesBuildPhase section */
		D0530DCB2FB7704900121DBD /* Resources */ = {
			isa = PBXResourcesBuildPhase;
			buildActionMask = 2147483647;
			files = (
			);
			runOnlyForDeploymentPostprocessing = 0;
		};
		D0530DD82FB7704B00121DBD /* Resources */ = {
			isa = PBXResourcesBuildPhase;
			buildActionMask = 2147483647;
			files = (
			);
			runOnlyForDeploymentPostprocessing = 0;
		};
		D0530DE22FB7704B00121DBD /* Resources */ = {
			isa = PBXResourcesBuildPhase;
			buildActionMask = 2147483647;
			files = (
			);
			runOnlyForDeploymentPostprocessing = 0;
		};
/* End PBXResourcesBuildPhase section */

/* Begin PBXSourcesBuildPhase section */
		D0530DC92FB7704900121DBD /* Sources */ = {
			isa = PBXSourcesBuildPhase;
			buildActionMask = 2147483647;
			files = (
			);
			runOnlyForDeploymentPostprocessing = 0;
		};
		D0530DD62FB7704B00121DBD /* Sources */ = {
			isa = PBXSourcesBuildPhase;
			buildActionMask = 2147483647;
			files = (
			);
			runOnlyForDeploymentPostprocessing = 0;
		};
		D0530DE02FB7704B00121DBD /* Sources */ = {
			isa = PBXSourcesBuildPhase;
			buildActionMask = 2147483647;
			files = (
			);
			runOnlyForDeploymentPostprocessing = 0;
		};
/* End PBXSourcesBuildPhase section */

/* Begin PBXTargetDependency section */
		D0530DDC2FB7704B00121DBD /* PBXTargetDependency */ = {
			isa = PBXTargetDependency;
			target = D0530DCC2FB7704900121DBD /* Hobbymatch */;
			targetProxy = D0530DDB2FB7704B00121DBD /* PBXContainerItemProxy */;
		};
		D0530DE62FB7704B00121DBD /* PBXTargetDependency */ = {
			isa = PBXTargetDependency;
			target = D0530DCC2FB7704900121DBD /* Hobbymatch */;
			targetProxy = D0530DE52FB7704B00121DBD /* PBXContainerItemProxy */;
		};
/* End PBXTargetDependency section */

/* Begin XCBuildConfiguration section */
		D0530DEC2FB7704B00121DBD /* Debug */ = {
			isa = XCBuildConfiguration;
			buildSettings = {
				ALWAYS_SEARCH_USER_PATHS = NO;
				ASSETCATALOG_COMPILER_GENERATE_SWIFT_ASSET_SYMBOL_EXTENSIONS = YES;
				CLANG_ANALYZER_NONNULL = YES;
				CLANG_ANALYZER_NUMBER_OBJECT_CONVERSION = YES_AGGRESSIVE;
				CLANG_CXX_LANGUAGE_STANDARD = "gnu++20";
				CLANG_ENABLE_MODULES = YES;
				CLANG_ENABLE_OBJC_ARC = YES;
				CLANG_ENABLE_OBJC_WEAK = YES;
				CLANG_WARN_BLOCK_CAPTURE_AUTORELEASING = YES;
				CLANG_WARN_BOOL_CONVERSION = YES;
				CLANG_WARN_COMMA = YES;
				CLANG_WARN_CONSTANT_CONVERSION = YES;
				CLANG_WARN_DEPRECATED_OBJC_IMPLEMENTATIONS = YES;
				CLANG_WARN_DIRECT_OBJC_ISA_USAGE = YES_ERROR;
				CLANG_WARN_DOCUMENTATION_COMMENTS = YES;
				CLANG_WARN_EMPTY_BODY = YES;
				CLANG_WARN_ENUM_CONVERSION = YES;
				CLANG_WARN_INFINITE_RECURSION = YES;
				CLANG_WARN_INT_CONVERSION = YES;
				CLANG_WARN_NON_LITERAL_NULL_CONVERSION = YES;
				CLANG_WARN_OBJC_IMPLICIT_RETAIN_SELF = YES;
				CLANG_WARN_OBJC_LITERAL_CONVERSION = YES;
				CLANG_WARN_OBJC_ROOT_CLASS = YES_ERROR;
				CLANG_WARN_QUOTED_INCLUDE_IN_FRAMEWORK_HEADER = YES;
				CLANG_WARN_RANGE_LOOP_ANALYSIS = YES;
				CLANG_WARN_STRICT_PROTOTYPES = YES;
				CLANG_WARN_SUSPICIOUS_MOVE = YES;
				CLANG_WARN_UNGUARDED_AVAILABILITY = YES_AGGRESSIVE;
				CLANG_WARN_UNREACHABLE_CODE = YES;
				CLANG_WARN__DUPLICATE_METHOD_MATCH = YES;
				COPY_PHASE_STRIP = NO;
				DEBUG_INFORMATION_FORMAT = dwarf;
				ENABLE_STRICT_OBJC_MSGSEND = YES;
				ENABLE_TESTABILITY = YES;
				ENABLE_USER_SCRIPT_SANDBOXING = YES;
				GCC_C_LANGUAGE_STANDARD = gnu17;
				GCC_DYNAMIC_NO_PIC = NO;
				GCC_NO_COMMON_BLOCKS = YES;
				GCC_OPTIMIZATION_LEVEL = 0;
				GCC_PREPROCESSOR_DEFINITIONS = (
					"DEBUG=1",
					"$(inherited)",
				);
				GCC_WARN_64_TO_32_BIT_CONVERSION = YES;
				GCC_WARN_ABOUT_RETURN_TYPE = YES_ERROR;
				GCC_WARN_UNDECLARED_SELECTOR = YES;
				GCC_WARN_UNINITIALIZED_AUTOS = YES_AGGRESSIVE;
				GCC_WARN_UNUSED_FUNCTION = YES;
				GCC_WARN_UNUSED_VARIABLE = YES;
				IPHONEOS_DEPLOYMENT_TARGET = 26.4;
				LOCALIZATION_PREFERS_STRING_CATALOGS = YES;
				MTL_ENABLE_DEBUG_INFO = INCLUDE_SOURCE;
				MTL_FAST_MATH = YES;
				ONLY_ACTIVE_ARCH = YES;
				SDKROOT = iphoneos;
				SWIFT_ACTIVE_COMPILATION_CONDITIONS = "DEBUG $(inherited)";
				SWIFT_OPTIMIZATION_LEVEL = "-Onone";
			};
			name = Debug;
		};
		D0530DED2FB7704B00121DBD /* Release */ = {
			isa = XCBuildConfiguration;
			buildSettings = {
				ALWAYS_SEARCH_USER_PATHS = NO;
				ASSETCATALOG_COMPILER_GENERATE_SWIFT_ASSET_SYMBOL_EXTENSIONS = YES;
				CLANG_ANALYZER_NONNULL = YES;
				CLANG_ANALYZER_NUMBER_OBJECT_CONVERSION = YES_AGGRESSIVE;
				CLANG_CXX_LANGUAGE_STANDARD = "gnu++20";
				CLANG_ENABLE_MODULES = YES;
				CLANG_ENABLE_OBJC_ARC = YES;
				CLANG_ENABLE_OBJC_WEAK = YES;
				CLANG_WARN_BLOCK_CAPTURE_AUTORELEASING = YES;
				CLANG_WARN_BOOL_CONVERSION = YES;
				CLANG_WARN_COMMA = YES;
				CLANG_WARN_CONSTANT_CONVERSION = YES;
				CLANG_WARN_DEPRECATED_OBJC_IMPLEMENTATIONS = YES;
				CLANG_WARN_DIRECT_OBJC_ISA_USAGE = YES_ERROR;
				CLANG_WARN_DOCUMENTATION_COMMENTS = YES;
				CLANG_WARN_EMPTY_BODY = YES;
				CLANG_WARN_ENUM_CONVERSION = YES;
				CLANG_WARN_INFINITE_RECURSION = YES;
				CLANG_WARN_INT_CONVERSION = YES;
				CLANG_WARN_NON_LITERAL_NULL_CONVERSION = YES;
				CLANG_WARN_OBJC_IMPLICIT_RETAIN_SELF = YES;
				CLANG_WARN_OBJC_LITERAL_CONVERSION = YES;
				CLANG_WARN_OBJC_ROOT_CLASS = YES_ERROR;
				CLANG_WARN_QUOTED_INCLUDE_IN_FRAMEWORK_HEADER = YES;
				CLANG_WARN_RANGE_LOOP_ANALYSIS = YES;
				CLANG_WARN_STRICT_PROTOTYPES = YES;
				CLANG_WARN_SUSPICIOUS_MOVE = YES;
				CLANG_WARN_UNGUARDED_AVAILABILITY = YES_AGGRESSIVE;
				CLANG_WARN_UNREACHABLE_CODE = YES;
				CLANG_WARN__DUPLICATE_METHOD_MATCH = YES;
				COPY_PHASE_STRIP = NO;
				DEBUG_INFORMATION_FORMAT = "dwarf-with-dsym";
				ENABLE_NS_ASSERTIONS = NO;
				ENABLE_STRICT_OBJC_MSGSEND = YES;
				ENABLE_USER_SCRIPT_SANDBOXING = YES;
				GCC_C_LANGUAGE_STANDARD = gnu17;
				GCC_NO_COMMON_BLOCKS = YES;
				GCC_WARN_64_TO_32_BIT_CONVERSION = YES;
				GCC_WARN_ABOUT_RETURN_TYPE = YES_ERROR;
				GCC_WARN_UNDECLARED_SELECTOR = YES;
				GCC_WARN_UNINITIALIZED_AUTOS = YES_AGGRESSIVE;
				GCC_WARN_UNUSED_FUNCTION = YES;
				GCC_WARN_UNUSED_VARIABLE = YES;
				IPHONEOS_DEPLOYMENT_TARGET = 26.4;
				LOCALIZATION_PREFERS_STRING_CATALOGS = YES;
				MTL_ENABLE_DEBUG_INFO = NO;
				MTL_FAST_MATH = YES;
				SDKROOT = iphoneos;
				SWIFT_COMPILATION_MODE = wholemodule;
				VALIDATE_PRODUCT = YES;
			};
			name = Release;
		};
		D0530DEF2FB7704B00121DBD /* Debug */ = {
			isa = XCBuildConfiguration;
			buildSettings = {
				ASSETCATALOG_COMPILER_APPICON_NAME = AppIcon;
				ASSETCATALOG_COMPILER_GLOBAL_ACCENT_COLOR_NAME = AccentColor;
				CODE_SIGN_STYLE = Manual;
				CURRENT_PROJECT_VERSION = 1;
				DEVELOPMENT_TEAM = "";
				ENABLE_PREVIEWS = YES;
				GENERATE_INFOPLIST_FILE = YES;
				INFOPLIST_FILE = hobbymatch/Info.plist;
				INFOPLIST_KEY_UIApplicationSceneManifest_Generation = YES;
				INFOPLIST_KEY_UIApplicationSupportsIndirectInputEvents = YES;
				INFOPLIST_KEY_UILaunchScreen_Generation = YES;
				INFOPLIST_KEY_UISupportedInterfaceOrientations_iPad = "UIInterfaceOrientationPortrait UIInterfaceOrientationPortraitUpsideDown UIInterfaceOrientationLandscapeLeft UIInterfaceOrientationLandscapeRight";
				INFOPLIST_KEY_UISupportedInterfaceOrientations_iPhone = "UIInterfaceOrientationPortrait UIInterfaceOrientationLandscapeLeft UIInterfaceOrientationLandscapeRight";
				LD_RUNPATH_SEARCH_PATHS = (
					"$(inherited)",
					"@executable_path/Frameworks",
				);
				MARKETING_VERSION = 1.0;
				PRODUCT_BUNDLE_IDENTIFIER = com.0v0d.hobbymatch;
				PRODUCT_NAME = "$(TARGET_NAME)";
				PROVISIONING_PROFILE_SPECIFIER = "";
				STRING_CATALOG_GENERATE_SYMBOLS = YES;
				SWIFT_APPROACHABLE_CONCURRENCY = YES;
				SWIFT_DEFAULT_ACTOR_ISOLATION = MainActor;
				SWIFT_EMIT_LOC_STRINGS = YES;
				SWIFT_UPCOMING_FEATURE_MEMBER_IMPORT_VISIBILITY = YES;
				SWIFT_VERSION = 6.0;
				TARGETED_DEVICE_FAMILY = "1,2";
			};
			name = Debug;
		};
		D0530DF02FB7704B00121DBD /* Release */ = {
			isa = XCBuildConfiguration;
			buildSettings = {
				ASSETCATALOG_COMPILER_APPICON_NAME = AppIcon;
				ASSETCATALOG_COMPILER_GLOBAL_ACCENT_COLOR_NAME = AccentColor;
				CODE_SIGN_STYLE = Manual;
				CURRENT_PROJECT_VERSION = 1;
				DEVELOPMENT_TEAM = "";
				ENABLE_PREVIEWS = YES;
				GENERATE_INFOPLIST_FILE = YES;
				INFOPLIST_FILE = hobbymatch/Info.plist;
				INFOPLIST_KEY_UIApplicationSceneManifest_Generation = YES;
				INFOPLIST_KEY_UIApplicationSupportsIndirectInputEvents = YES;
				INFOPLIST_KEY_UILaunchScreen_Generation = YES;
				INFOPLIST_KEY_UISupportedInterfaceOrientations_iPad = "UIInterfaceOrientationPortrait UIInterfaceOrientationPortraitUpsideDown UIInterfaceOrientationLandscapeLeft UIInterfaceOrientationLandscapeRight";
				INFOPLIST_KEY_UISupportedInterfaceOrientations_iPhone = "UIInterfaceOrientationPortrait UIInterfaceOrientationLandscapeLeft UIInterfaceOrientationLandscapeRight";
				LD_RUNPATH_SEARCH_PATHS = (
					"$(inherited)",
					"@executable_path/Frameworks",
				);
				MARKETING_VERSION = 1.0;
				PRODUCT_BUNDLE_IDENTIFIER = com.0v0d.hobbymatch;
				PRODUCT_NAME = "$(TARGET_NAME)";
				PROVISIONING_PROFILE_SPECIFIER = "";
				STRING_CATALOG_GENERATE_SYMBOLS = YES;
				SWIFT_APPROACHABLE_CONCURRENCY = YES;
				SWIFT_DEFAULT_ACTOR_ISOLATION = MainActor;
				SWIFT_EMIT_LOC_STRINGS = YES;
				SWIFT_UPCOMING_FEATURE_MEMBER_IMPORT_VISIBILITY = YES;
				SWIFT_VERSION = 6.0;
				TARGETED_DEVICE_FAMILY = "1,2";
			};
			name = Release;
		};
		D0530DF22FB7704B00121DBD /* Debug */ = {
			isa = XCBuildConfiguration;
			buildSettings = {
				BUNDLE_LOADER = "$(TEST_HOST)";
				CODE_SIGN_STYLE = Automatic;
				CURRENT_PROJECT_VERSION = 1;
				GENERATE_INFOPLIST_FILE = YES;
				IPHONEOS_DEPLOYMENT_TARGET = 26.4;
				MARKETING_VERSION = 1.0;
				PRODUCT_BUNDLE_IDENTIFIER = com.0v0d.hobbymatchTests;
				PRODUCT_NAME = "$(TARGET_NAME)";
				STRING_CATALOG_GENERATE_SYMBOLS = NO;
				SWIFT_APPROACHABLE_CONCURRENCY = YES;
				SWIFT_EMIT_LOC_STRINGS = NO;
				SWIFT_UPCOMING_FEATURE_MEMBER_IMPORT_VISIBILITY = YES;
				SWIFT_VERSION = 5.0;
				TARGETED_DEVICE_FAMILY = "1,2";
				TEST_HOST = "$(BUILT_PRODUCTS_DIR)/Hobbymatch.app/$(BUNDLE_EXECUTABLE_FOLDER_PATH)/Hobbymatch";
			};
			name = Debug;
		};
		D0530DF32FB7704B00121DBD /* Release */ = {
			isa = XCBuildConfiguration;
			buildSettings = {
				BUNDLE_LOADER = "$(TEST_HOST)";
				CODE_SIGN_STYLE = Automatic;
				CURRENT_PROJECT_VERSION = 1;
				GENERATE_INFOPLIST_FILE = YES;
				IPHONEOS_DEPLOYMENT_TARGET = 26.4;
				MARKETING_VERSION = 1.0;
				PRODUCT_BUNDLE_IDENTIFIER = com.0v0d.hobbymatchTests;
				PRODUCT_NAME = "$(TARGET_NAME)";
				STRING_CATALOG_GENERATE_SYMBOLS = NO;
				SWIFT_APPROACHABLE_CONCURRENCY = YES;
				SWIFT_EMIT_LOC_STRINGS = NO;
				SWIFT_UPCOMING_FEATURE_MEMBER_IMPORT_VISIBILITY = YES;
				SWIFT_VERSION = 5.0;
				TARGETED_DEVICE_FAMILY = "1,2";
				TEST_HOST = "$(BUILT_PRODUCTS_DIR)/Hobbymatch.app/$(BUNDLE_EXECUTABLE_FOLDER_PATH)/Hobbymatch";
			};
			name = Release;
		};
		D0530DF52FB7704B00121DBD /* Debug */ = {
			isa = XCBuildConfiguration;
			buildSettings = {
				CODE_SIGN_STYLE = Automatic;
				CURRENT_PROJECT_VERSION = 1;
				GENERATE_INFOPLIST_FILE = YES;
				MARKETING_VERSION = 1.0;
				PRODUCT_BUNDLE_IDENTIFIER = com.0v0d.hobbymatchUITests;
				PRODUCT_NAME = "$(TARGET_NAME)";
				STRING_CATALOG_GENERATE_SYMBOLS = NO;
				SWIFT_APPROACHABLE_CONCURRENCY = YES;
				SWIFT_EMIT_LOC_STRINGS = NO;
				SWIFT_UPCOMING_FEATURE_MEMBER_IMPORT_VISIBILITY = YES;
				SWIFT_VERSION = 5.0;
				TARGETED_DEVICE_FAMILY = "1,2";
				TEST_TARGET_NAME = hobbymatch;
			};
			name = Debug;
		};
		D0530DF62FB7704B00121DBD /* Release */ = {
			isa = XCBuildConfiguration;
			buildSettings = {
				CODE_SIGN_STYLE = Automatic;
				CURRENT_PROJECT_VERSION = 1;
				GENERATE_INFOPLIST_FILE = YES;
				MARKETING_VERSION = 1.0;
				PRODUCT_BUNDLE_IDENTIFIER = com.0v0d.hobbymatchUITests;
				PRODUCT_NAME = "$(TARGET_NAME)";
				STRING_CATALOG_GENERATE_SYMBOLS = NO;
				SWIFT_APPROACHABLE_CONCURRENCY = YES;
				SWIFT_EMIT_LOC_STRINGS = NO;
				SWIFT_UPCOMING_FEATURE_MEMBER_IMPORT_VISIBILITY = YES;
				SWIFT_VERSION = 5.0;
				TARGETED_DEVICE_FAMILY = "1,2";
				TEST_TARGET_NAME = hobbymatch;
			};
			name = Release;
		};
/* End XCBuildConfiguration section */

/* Begin XCConfigurationList section */
		D0530DC82FB7704900121DBD /* Build configuration list for PBXProject "Hobbymatch" */ = {
			isa = XCConfigurationList;
			buildConfigurations = (
				D0530DEC2FB7704B00121DBD /* Debug */,
				D0530DED2FB7704B00121DBD /* Release */,
			);
			defaultConfigurationIsVisible = 0;
			defaultConfigurationName = Release;
		};
		D0530DEE2FB7704B00121DBD /* Build configuration list for PBXNativeTarget "Hobbymatch" */ = {
			isa = XCConfigurationList;
			buildConfigurations = (
				D0530DEF2FB7704B00121DBD /* Debug */,
				D0530DF02FB7704B00121DBD /* Release */,
			);
			defaultConfigurationIsVisible = 0;
			defaultConfigurationName = Release;
		};
		D0530DF12FB7704B00121DBD /* Build configuration list for PBXNativeTarget "HobbymatchTests" */ = {
			isa = XCConfigurationList;
			buildConfigurations = (
				D0530DF22FB7704B00121DBD /* Debug */,
				D0530DF32FB7704B00121DBD /* Release */,
			);
			defaultConfigurationIsVisible = 0;
			defaultConfigurationName = Release;
		};
		D0530DF42FB7704B00121DBD /* Build configuration list for PBXNativeTarget "HobbymatchUITests" */ = {
			isa = XCConfigurationList;
			buildConfigurations = (
				D0530DF52FB7704B00121DBD /* Debug */,
				D0530DF62FB7704B00121DBD /* Release */,
			);
			defaultConfigurationIsVisible = 0;
			defaultConfigurationName = Release;
		};
/* End XCConfigurationList section */

/* Begin XCRemoteSwiftPackageReference section */
		D0530DF92FB7716C00121DBD /* XCRemoteSwiftPackageReference "firebase-ios-sdk" */ = {
			isa = XCRemoteSwiftPackageReference;
			repositoryURL = "https://github.com/firebase/firebase-ios-sdk";
			requirement = {
				kind = upToNextMajorVersion;
				minimumVersion = 12.13.0;
			};
		};
		D0A288392FB8B57400A0519E /* XCRemoteSwiftPackageReference "GoogleSignIn-iOS" */ = {
			isa = XCRemoteSwiftPackageReference;
			repositoryURL = "https://github.com/google/GoogleSignIn-iOS";
			requirement = {
				kind = upToNextMajorVersion;
				minimumVersion = 9.1.0;
			};
		};
/* End XCRemoteSwiftPackageReference section */

/* Begin XCSwiftPackageProductDependency section */
		D0530DFF2FB773FF00121DBD /* FirebaseCore */ = {
			isa = XCSwiftPackageProductDependency;
			package = D0530DF92FB7716C00121DBD /* XCRemoteSwiftPackageReference "firebase-ios-sdk" */;
			productName = FirebaseCore;
		};
		D0530E012FB774A400121DBD /* FirebaseAuth */ = {
			isa = XCSwiftPackageProductDependency;
			package = D0530DF92FB7716C00121DBD /* XCRemoteSwiftPackageReference "firebase-ios-sdk" */;
			productName = FirebaseAuth;
		};
		D0530E032FB774A400121DBD /* FirebaseFirestore */ = {
			isa = XCSwiftPackageProductDependency;
			package = D0530DF92FB7716C00121DBD /* XCRemoteSwiftPackageReference "firebase-ios-sdk" */;
			productName = FirebaseFirestore;
		};
		D0A2883A2FB8B58500A0519E /* GoogleSignIn */ = {
			isa = XCSwiftPackageProductDependency;
			package = D0A288392FB8B57400A0519E /* XCRemoteSwiftPackageReference "GoogleSignIn-iOS" */;
			productName = GoogleSignIn;
		};
/* End XCSwiftPackageProductDependency section */
	};
	rootObject = D0530DC52FB7704900121DBD /* Project object */;
}
